github.com/go-sql-driver/mysql v1.6.0 h1:BCTh4TKNUYmOmMUcQ3IipzF5prigylS7XXjEkfCHuOE=
github.com/go-sql-driver/mysql v1.6.0/go.mod h1:DCzpHaOWr8IXmIStZouvnhqoel9Qv2LBy8hT2VhHyBg=
github.com/gopsql/db v1.1.0 h1:NWV/GmbTpxbMlZ/jJM9dezWHP78mx1YEpm75OEr7CL0=
github.com/gopsql/db v1.1.0/go.mod h1:plazrQDxoOfbv749q6AqZyR0wtPak19s4uw8J8pnMYA=
github.com/gopsql/logger v1.0.0 h1:21Sv0ut7G5Jl3tNOtYe5dfULZ6pnMbT/tDRDjYR3xC4=
github.com/gopsql/logger v1.0.0/go.mod h1:GLePobhbDvK9bVbciLfapWQh0g52Ph7n1NfOCWK8zoc=
github.com/gopsql/psql v1.2.1 h1:8OJZ4Cm+V53HcJtOiV7J0G8oZbemFAe1g71rDc4e0ZU=
github.com/gopsql/psql v1.2.1/go.mod h1:uOMoeLBKH4MfJmZe3dXYfg5qJ36dDaxoYQU2tfpUnas=
github.com/jmoiron/sqlx v1.3.5 h1:vFFPA71p1o5gAeqtEAwLU4dnX2napprKtHr7PYIcN3g=
github.com/jmoiron/sqlx v1.3.5/go.mod h1:nRVWtLre0KfCLJvgxzCsLVMogSvQ1zNJtpYr2Ccp0mQ=
github.com/joho/godotenv v1.4.0 h1:3l4+N6zfMWnkbPEXKng2o2/MR5mSwTrBih4ZEkkz1lg=
github.com/joho/godotenv v1.4.0/go.mod h1:f4LDr5Voq0i2e/R5DDNOoa2zzDfwtkZa6DnEwAbqwq4=
github.com/lib/pq v1.2.0/go.mod h1:5WUZQaWbwv1U+lTReE5YruASi9Al49XbQIvNi/34Woo=
github.com/lib/pq v1.10.7 h1:p7ZhMD+KsSRozJr34udlUrhboJwWAgCg34+/ZZNvZZw=
github.com/lib/pq v1.10.7/go.mod h1:AlVN5x4E4T544tWzH6hKfbfQvm3HdbOxrmggDNAPY9o=
github.com/mattn/go-sqlite3 v1.14.6 h1:dNPt6NO46WmLVt2DLNpwczCmdV5boIZ6g/tlDrlRUbg=
github.com/mattn/go-sqlite3 v1.14.6/go.mod h1:NyWgC/yNuGj7Q9rpYnZvas74GogHl5/Z4A/KQRfk6bU=
